// !$*UTF8*$!
{
	archiveVersion = 1;
	classes = {
	};
	objectVersion = 51;
	objects = {

/* Begin PBXBuildFile section */
		6293F6651CFB898D3483F586 /* libPods-Lilypad.a in Frameworks */ = {isa = PBXBuildFile; fileRef = 0B21BBBE95685CAA11E126CD /* libPods-Lilypad.a */; };
		BE10B18B23744FCA0034E599 /* AppDelegate.swift in Sources */ = {isa = PBXBuildFile; fileRef = BE10B18A23744FCA0034E599 /* AppDelegate.swift */; };
		BE10B19123744FCD0034E599 /* Assets.xcassets in Resources */ = {isa = PBXBuildFile; fileRef = BE10B19023744FCD0034E599 /* Assets.xcassets */; };
		BE10B19423744FCD0034E599 /* Preview Assets.xcassets in Resources */ = {isa = PBXBuildFile; fileRef = BE10B19323744FCD0034E599 /* Preview Assets.xcassets */; };
		BE10B19723744FCD0034E599 /* LaunchScreen.storyboard in Resources */ = {isa = PBXBuildFile; fileRef = BE10B19523744FCD0034E599 /* LaunchScreen.storyboard */; };
		BE10B1A023744FED0034E599 /* LPVisitableViewController.swift in Sources */ = {isa = PBXBuildFile; fileRef = BE10B19E23744FED0034E599 /* LPVisitableViewController.swift */; };
		BE10B1A123744FED0034E599 /* PushNotificationManager.swift in Sources */ = {isa = PBXBuildFile; fileRef = BE10B19F23744FED0034E599 /* PushNotificationManager.swift */; };
		BE10B1A3237450140034E599 /* ScriptMessageHandler.swift in Sources */ = {isa = PBXBuildFile; fileRef = BE10B1A2237450140034E599 /* ScriptMessageHandler.swift */; };
		BE6010F9237454F300739D22 /* Main.storyboard in Resources */ = {isa = PBXBuildFile; fileRef = BE6010F8237454F200739D22 /* Main.storyboard */; };
		BE6010FD2374A6C000739D22 /* LPVisitableViewController.swift in Sources */ = {isa = PBXBuildFile; fileRef = BE10B19E23744FED0034E599 /* LPVisitableViewController.swift */; };
		BE6010FE2374A6C000739D22 /* AppDelegate.swift in Sources */ = {isa = PBXBuildFile; fileRef = BE10B18A23744FCA0034E599 /* AppDelegate.swift */; };
		BE6010FF2374A6C000739D22 /* PushNotificationManager.swift in Sources */ = {isa = PBXBuildFile; fileRef = BE10B19F23744FED0034E599 /* PushNotificationManager.swift */; };
		BE6011002374A6C000739D22 /* ScriptMessageHandler.swift in Sources */ = {isa = PBXBuildFile; fileRef = BE10B1A2237450140034E599 /* ScriptMessageHandler.swift */; };
		BE6011032374A6C000739D22 /* libPods-Lilypad.a in Frameworks */ = {isa = PBXBuildFile; fileRef = 0B21BBBE95685CAA11E126CD /* libPods-Lilypad.a */; };
		BE6011052374A6C000739D22 /* LaunchScreen.storyboard in Resources */ = {isa = PBXBuildFile; fileRef = BE10B19523744FCD0034E599 /* LaunchScreen.storyboard */; };
		BE6011062374A6C000739D22 /* Preview Assets.xcassets in Resources */ = {isa = PBXBuildFile; fileRef = BE10B19323744FCD0034E599 /* Preview Assets.xcassets */; };
		BE6011072374A6C000739D22 /* Assets.xcassets in Resources */ = {isa = PBXBuildFile; fileRef = BE10B19023744FCD0034E599 /* Assets.xcassets */; };
		BE6011082374A6C000739D22 /* Main.storyboard in Resources */ = {isa = PBXBuildFile; fileRef = BE6010F8237454F200739D22 /* Main.storyboard */; };
		BE6011122374A6C300739D22 /* LPVisitableViewController.swift in Sources */ = {isa = PBXBuildFile; fileRef = BE10B19E23744FED0034E599 /* LPVisitableViewController.swift */; };
		BE6011132374A6C300739D22 /* AppDelegate.swift in Sources */ = {isa = PBXBuildFile; fileRef = BE10B18A23744FCA0034E599 /* AppDelegate.swift */; };
		BE6011142374A6C300739D22 /* PushNotificationManager.swift in Sources */ = {isa = PBXBuildFile; fileRef = BE10B19F23744FED0034E599 /* PushNotificationManager.swift */; };
		BE6011152374A6C300739D22 /* ScriptMessageHandler.swift in Sources */ = {isa = PBXBuildFile; fileRef = BE10B1A2237450140034E599 /* ScriptMessageHandler.swift */; };
		BE6011182374A6C300739D22 /* libPods-Lilypad.a in Frameworks */ = {isa = PBXBuildFile; fileRef = 0B21BBBE95685CAA11E126CD /* libPods-Lilypad.a */; };
		BE60111A2374A6C300739D22 /* LaunchScreen.storyboard in Resources */ = {isa = PBXBuildFile; fileRef = BE10B19523744FCD0034E599 /* LaunchScreen.storyboard */; };
		BE60111B2374A6C300739D22 /* Preview Assets.xcassets in Resources */ = {isa = PBXBuildFile; fileRef = BE10B19323744FCD0034E599 /* Preview Assets.xcassets */; };
		BE60111C2374A6C300739D22 /* Assets.xcassets in Resources */ = {isa = PBXBuildFile; fileRef = BE10B19023744FCD0034E599 /* Assets.xcassets */; };
		BE60111D2374A6C300739D22 /* Main.storyboard in Resources */ = {isa = PBXBuildFile; fileRef = BE6010F8237454F200739D22 /* Main.storyboard */; };
/* End PBXBuildFile section */

/* Begin PBXFileReference section */
		0B21BBBE95685CAA11E126CD /* libPods-Lilypad.a */ = {isa = PBXFileReference; explicitFileType = archive.ar; includeInIndex = 0; path = "libPods-Lilypad.a"; sourceTree = BUILT_PRODUCTS_DIR; };
		420F60E6D398846BA2B384B1 /* Pods-Lilypad.debug.xcconfig */ = {isa = PBXFileReference; includeInIndex = 1; lastKnownFileType = text.xcconfig; name = "Pods-Lilypad.debug.xcconfig"; path = "Target Support Files/Pods-Lilypad/Pods-Lilypad.debug.xcconfig"; sourceTree = "<group>"; };
		BE10B18723744FCA0034E599 /* Lilypad-development.app */ = {isa = PBXFileReference; explicitFileType = wrapper.application; includeInIndex = 0; path = "Lilypad-development.app"; sourceTree = BUILT_PRODUCTS_DIR; };
		BE10B18A23744FCA0034E599 /* AppDelegate.swift */ = {isa = PBXFileReference; lastKnownFileType = sourcecode.swift; path = AppDelegate.swift; sourceTree = "<group>"; };
		BE10B19023744FCD0034E599 /* Assets.xcassets */ = {isa = PBXFileReference; lastKnownFileType = folder.assetcatalog; path = Assets.xcassets; sourceTree = "<group>"; };
		BE10B19323744FCD0034E599 /* Preview Assets.xcassets */ = {isa = PBXFileReference; lastKnownFileType = folder.assetcatalog; path = "Preview Assets.xcassets"; sourceTree = "<group>"; };
		BE10B19623744FCD0034E599 /* Base */ = {isa = PBXFileReference; lastKnownFileType = file.storyboard; name = Base; path = Base.lproj/LaunchScreen.storyboard; sourceTree = "<group>"; };
		BE10B19823744FCD0034E599 /* Info.plist */ = {isa = PBXFileReference; lastKnownFileType = text.plist.xml; path = Info.plist; sourceTree = "<group>"; };
		BE10B19E23744FED0034E599 /* LPVisitableViewController.swift */ = {isa = PBXFileReference; fileEncoding = 4; lastKnownFileType = sourcecode.swift; path = LPVisitableViewController.swift; sourceTree = "<group>"; };
		BE10B19F23744FED0034E599 /* PushNotificationManager.swift */ = {isa = PBXFileReference; fileEncoding = 4; lastKnownFileType = sourcecode.swift; path = PushNotificationManager.swift; sourceTree = "<group>"; };
		BE10B1A2237450140034E599 /* ScriptMessageHandler.swift */ = {isa = PBXFileReference; fileEncoding = 4; lastKnownFileType = sourcecode.swift; path = ScriptMessageHandler.swift; sourceTree = "<group>"; };
		BE6010F8237454F200739D22 /* Main.storyboard */ = {isa = PBXFileReference; fileEncoding = 4; lastKnownFileType = file.storyboard; path = Main.storyboard; sourceTree = "<group>"; };
		BE60110D2374A6C000739D22 /* Lilypad-staging.app */ = {isa = PBXFileReference; explicitFileType = wrapper.application; includeInIndex = 0; path = "Lilypad-staging.app"; sourceTree = BUILT_PRODUCTS_DIR; };
		BE60110E2374A6C000739D22 /* Lilypad-development copy-Info.plist */ = {isa = PBXFileReference; lastKnownFileType = text.plist.xml; name = "Lilypad-development copy-Info.plist"; path = "/Users/arikardasis/cottageClass/Lilypad/Lilypad-development copy-Info.plist"; sourceTree = "<absolute>"; };
		BE6011222374A6C300739D22 /* Lilypad.app */ = {isa = PBXFileReference; explicitFileType = wrapper.application; includeInIndex = 0; path = Lilypad.app; sourceTree = BUILT_PRODUCTS_DIR; };
		BE6011232374A6C300739D22 /* Lilypad-development copy copy-Info.plist */ = {isa = PBXFileReference; lastKnownFileType = text.plist.xml; name = "Lilypad-development copy copy-Info.plist"; path = "/Users/arikardasis/cottageClass/Lilypad/Lilypad-development copy copy-Info.plist"; sourceTree = "<absolute>"; };
		BE6011242374AB1100739D22 /* Lilypad-development.entitlements */ = {isa = PBXFileReference; lastKnownFileType = text.plist.entitlements; path = "Lilypad-development.entitlements"; sourceTree = "<group>"; };
		BE6011252374AB1600739D22 /* Lilypad-staging.entitlements */ = {isa = PBXFileReference; lastKnownFileType = text.plist.entitlements; path = "Lilypad-staging.entitlements"; sourceTree = "<group>"; };
		BE6011262374AB1A00739D22 /* Lilypad.entitlements */ = {isa = PBXFileReference; lastKnownFileType = text.plist.entitlements; path = Lilypad.entitlements; sourceTree = "<group>"; };
		E6B5D5A262F21834AB29EBB3 /* Pods-Lilypad.release.xcconfig */ = {isa = PBXFileReference; includeInIndex = 1; lastKnownFileType = text.xcconfig; name = "Pods-Lilypad.release.xcconfig"; path = "Target Support Files/Pods-Lilypad/Pods-Lilypad.release.xcconfig"; sourceTree = "<group>"; };
/* End PBXFileReference section */

/* Begin PBXFrameworksBuildPhase section */
		BE10B18423744FCA0034E599 /* Frameworks */ = {
			isa = PBXFrameworksBuildPhase;
			buildActionMask = 2147483647;
			files = (
				6293F6651CFB898D3483F586 /* libPods-Lilypad.a in Frameworks */,
			);
			runOnlyForDeploymentPostprocessing = 0;
		};
		BE6011022374A6C000739D22 /* Frameworks */ = {
			isa = PBXFrameworksBuildPhase;
			buildActionMask = 2147483647;
			files = (
				BE6011032374A6C000739D22 /* libPods-Lilypad.a in Frameworks */,
			);
			runOnlyForDeploymentPostprocessing = 0;
		};
		BE6011172374A6C300739D22 /* Frameworks */ = {
			isa = PBXFrameworksBuildPhase;
			buildActionMask = 2147483647;
			files = (
				BE6011182374A6C300739D22 /* libPods-Lilypad.a in Frameworks */,
			);
			runOnlyForDeploymentPostprocessing = 0;
		};
/* End PBXFrameworksBuildPhase section */

/* Begin PBXGroup section */
		BC7DD4EAA29248D4F6F2D7E4 /* Frameworks */ = {
			isa = PBXGroup;
			children = (
				0B21BBBE95685CAA11E126CD /* libPods-Lilypad.a */,
			);
			name = Frameworks;
			sourceTree = "<group>";
		};
		BE10B17E23744FCA0034E599 = {
			isa = PBXGroup;
			children = (
				BE6011252374AB1600739D22 /* Lilypad-staging.entitlements */,
				BE6011242374AB1100739D22 /* Lilypad-development.entitlements */,
				BE10B18923744FCA0034E599 /* Lilypad */,
				BE10B18823744FCA0034E599 /* Products */,
				CC5A0A9FF47C7AD2A321BA40 /* Pods */,
				BC7DD4EAA29248D4F6F2D7E4 /* Frameworks */,
				BE60110E2374A6C000739D22 /* Lilypad-development copy-Info.plist */,
				BE6011232374A6C300739D22 /* Lilypad-development copy copy-Info.plist */,
			);
			sourceTree = "<group>";
		};
		BE10B18823744FCA0034E599 /* Products */ = {
			isa = PBXGroup;
			children = (
				BE10B18723744FCA0034E599 /* Lilypad-development.app */,
				BE60110D2374A6C000739D22 /* Lilypad-staging.app */,
				BE6011222374A6C300739D22 /* Lilypad.app */,
			);
			name = Products;
			sourceTree = "<group>";
		};
		BE10B18923744FCA0034E599 /* Lilypad */ = {
			isa = PBXGroup;
			children = (
				BE6011262374AB1A00739D22 /* Lilypad.entitlements */,
				BE10B1A2237450140034E599 /* ScriptMessageHandler.swift */,
				BE10B19E23744FED0034E599 /* LPVisitableViewController.swift */,
				BE10B19F23744FED0034E599 /* PushNotificationManager.swift */,
				BE10B18A23744FCA0034E599 /* AppDelegate.swift */,
				BE10B19023744FCD0034E599 /* Assets.xcassets */,
				BE6010F8237454F200739D22 /* Main.storyboard */,
				BE10B19523744FCD0034E599 /* LaunchScreen.storyboard */,
				BE10B19823744FCD0034E599 /* Info.plist */,
				BE10B19223744FCD0034E599 /* Preview Content */,
			);
			path = Lilypad;
			sourceTree = "<group>";
		};
		BE10B19223744FCD0034E599 /* Preview Content */ = {
			isa = PBXGroup;
			children = (
				BE10B19323744FCD0034E599 /* Preview Assets.xcassets */,
			);
			path = "Preview Content";
			sourceTree = "<group>";
		};
		CC5A0A9FF47C7AD2A321BA40 /* Pods */ = {
			isa = PBXGroup;
			children = (
				420F60E6D398846BA2B384B1 /* Pods-Lilypad.debug.xcconfig */,
				E6B5D5A262F21834AB29EBB3 /* Pods-Lilypad.release.xcconfig */,
			);
			path = Pods;
			sourceTree = "<group>";
		};
/* End PBXGroup section */

/* Begin PBXNativeTarget section */
		BE10B18623744FCA0034E599 /* Lilypad-development */ = {
			isa = PBXNativeTarget;
			buildConfigurationList = BE10B19B23744FCD0034E599 /* Build configuration list for PBXNativeTarget "Lilypad-development" */;
			buildPhases = (
				050E1A1A65C8EB3DD7FD1934 /* [CP] Check Pods Manifest.lock */,
				BE10B18323744FCA0034E599 /* Sources */,
				BE10B18423744FCA0034E599 /* Frameworks */,
				BE10B18523744FCA0034E599 /* Resources */,
				B25DCB3BD0C7223694D24D4A /* [CP] Copy Pods Resources */,
			);
			buildRules = (
			);
			dependencies = (
			);
			name = "Lilypad-development";
			productName = Lilypad;
			productReference = BE10B18723744FCA0034E599 /* Lilypad-development.app */;
			productType = "com.apple.product-type.application";
		};
		BE6010FA2374A6C000739D22 /* Lilypad-staging */ = {
			isa = PBXNativeTarget;
			buildConfigurationList = BE60110A2374A6C000739D22 /* Build configuration list for PBXNativeTarget "Lilypad-staging" */;
			buildPhases = (
				BE6010FB2374A6C000739D22 /* [CP] Check Pods Manifest.lock */,
				BE6010FC2374A6C000739D22 /* Sources */,
				BE6011022374A6C000739D22 /* Frameworks */,
				BE6011042374A6C000739D22 /* Resources */,
				BE6011092374A6C000739D22 /* [CP] Copy Pods Resources */,
			);
			buildRules = (
			);
			dependencies = (
			);
			name = "Lilypad-staging";
			productName = Lilypad;
			productReference = BE60110D2374A6C000739D22 /* Lilypad-staging.app */;
			productType = "com.apple.product-type.application";
		};
		BE60110F2374A6C300739D22 /* Lilypad */ = {
			isa = PBXNativeTarget;
			buildConfigurationList = BE60111F2374A6C300739D22 /* Build configuration list for PBXNativeTarget "Lilypad" */;
			buildPhases = (
				BE6011102374A6C300739D22 /* [CP] Check Pods Manifest.lock */,
				BE6011112374A6C300739D22 /* Sources */,
				BE6011172374A6C300739D22 /* Frameworks */,
				BE6011192374A6C300739D22 /* Resources */,
				BE60111E2374A6C300739D22 /* [CP] Copy Pods Resources */,
			);
			buildRules = (
			);
			dependencies = (
			);
			name = Lilypad;
			productName = Lilypad;
			productReference = BE6011222374A6C300739D22 /* Lilypad.app */;
			productType = "com.apple.product-type.application";
		};
/* End PBXNativeTarget section */

/* Begin PBXProject section */
		BE10B17F23744FCA0034E599 /* Project object */ = {
			isa = PBXProject;
			attributes = {
				LastSwiftUpdateCheck = 1110;
				LastUpgradeCheck = 1110;
				ORGANIZATIONNAME = Lilypad;
				TargetAttributes = {
					BE10B18623744FCA0034E599 = {
						CreatedOnToolsVersion = 11.1;
					};
				};
			};
			buildConfigurationList = BE10B18223744FCA0034E599 /* Build configuration list for PBXProject "Lilypad" */;
			compatibilityVersion = "Xcode 9.3";
			developmentRegion = en;
			hasScannedForEncodings = 0;
			knownRegions = (
				en,
				Base,
			);
			mainGroup = BE10B17E23744FCA0034E599;
			productRefGroup = BE10B18823744FCA0034E599 /* Products */;
			projectDirPath = "";
			projectRoot = "";
			targets = (
				BE10B18623744FCA0034E599 /* Lilypad-development */,
				BE6010FA2374A6C000739D22 /* Lilypad-staging */,
				BE60110F2374A6C300739D22 /* Lilypad */,
			);
		};
/* End PBXProject section */

/* Begin PBXResourcesBuildPhase section */
		BE10B18523744FCA0034E599 /* Resources */ = {
			isa = PBXResourcesBuildPhase;
			buildActionMask = 2147483647;
			files = (
				BE10B19723744FCD0034E599 /* LaunchScreen.storyboard in Resources */,
				BE10B19423744FCD0034E599 /* Preview Assets.xcassets in Resources */,
				BE10B19123744FCD0034E599 /* Assets.xcassets in Resources */,
				BE6010F9237454F300739D22 /* Main.storyboard in Resources */,
			);
			runOnlyForDeploymentPostprocessing = 0;
		};
		BE6011042374A6C000739D22 /* Resources */ = {
			isa = PBXResourcesBuildPhase;
			buildActionMask = 2147483647;
			files = (
				BE6011052374A6C000739D22 /* LaunchScreen.storyboard in Resources */,
				BE6011062374A6C000739D22 /* Preview Assets.xcassets in Resources */,
				BE6011072374A6C000739D22 /* Assets.xcassets in Resources */,
				BE6011082374A6C000739D22 /* Main.storyboard in Resources */,
			);
			runOnlyForDeploymentPostprocessing = 0;
		};
		BE6011192374A6C300739D22 /* Resources */ = {
			isa = PBXResourcesBuildPhase;
			buildActionMask = 2147483647;
			files = (
				BE60111A2374A6C300739D22 /* LaunchScreen.storyboard in Resources */,
				BE60111B2374A6C300739D22 /* Preview Assets.xcassets in Resources */,
				BE60111C2374A6C300739D22 /* Assets.xcassets in Resources */,
				BE60111D2374A6C300739D22 /* Main.storyboard in Resources */,
			);
			runOnlyForDeploymentPostprocessing = 0;
		};
/* End PBXResourcesBuildPhase section */

/* Begin PBXShellScriptBuildPhase section */
		050E1A1A65C8EB3DD7FD1934 /* [CP] Check Pods Manifest.lock */ = {
			isa = PBXShellScriptBuildPhase;
			buildActionMask = 2147483647;
			files = (
			);
			inputFileListPaths = (
			);
			inputPaths = (
				"${PODS_PODFILE_DIR_PATH}/Podfile.lock",
				"${PODS_ROOT}/Manifest.lock",
			);
			name = "[CP] Check Pods Manifest.lock";
			outputFileListPaths = (
			);
			outputPaths = (
				"$(DERIVED_FILE_DIR)/Pods-Lilypad-checkManifestLockResult.txt",
			);
			runOnlyForDeploymentPostprocessing = 0;
			shellPath = /bin/sh;
			shellScript = "diff \"${PODS_PODFILE_DIR_PATH}/Podfile.lock\" \"${PODS_ROOT}/Manifest.lock\" > /dev/null\nif [ $? != 0 ] ; then\n    # print error to STDERR\n    echo \"error: The sandbox is not in sync with the Podfile.lock. Run 'pod install' or update your CocoaPods installation.\" >&2\n    exit 1\nfi\n# This output is used by Xcode 'outputs' to avoid re-running this script phase.\necho \"SUCCESS\" > \"${SCRIPT_OUTPUT_FILE_0}\"\n";
			showEnvVarsInLog = 0;
		};
		B25DCB3BD0C7223694D24D4A /* [CP] Copy Pods Resources */ = {
			isa = PBXShellScriptBuildPhase;
			buildActionMask = 2147483647;
			files = (
			);
			inputFileListPaths = (
				"${PODS_ROOT}/Target Support Files/Pods-Lilypad/Pods-Lilypad-resources-${CONFIGURATION}-input-files.xcfilelist",
			);
			name = "[CP] Copy Pods Resources";
			outputFileListPaths = (
				"${PODS_ROOT}/Target Support Files/Pods-Lilypad/Pods-Lilypad-resources-${CONFIGURATION}-output-files.xcfilelist",
			);
			runOnlyForDeploymentPostprocessing = 0;
			shellPath = /bin/sh;
			shellScript = "\"${PODS_ROOT}/Target Support Files/Pods-Lilypad/Pods-Lilypad-resources.sh\"\n";
			showEnvVarsInLog = 0;
		};
		BE6010FB2374A6C000739D22 /* [CP] Check Pods Manifest.lock */ = {
			isa = PBXShellScriptBuildPhase;
			buildActionMask = 2147483647;
			files = (
			);
			inputFileListPaths = (
			);
			inputPaths = (
				"${PODS_PODFILE_DIR_PATH}/Podfile.lock",
				"${PODS_ROOT}/Manifest.lock",
			);
			name = "[CP] Check Pods Manifest.lock";
			outputFileListPaths = (
			);
			outputPaths = (
				"$(DERIVED_FILE_DIR)/Pods-Lilypad-checkManifestLockResult.txt",
			);
			runOnlyForDeploymentPostprocessing = 0;
			shellPath = /bin/sh;
			shellScript = "diff \"${PODS_PODFILE_DIR_PATH}/Podfile.lock\" \"${PODS_ROOT}/Manifest.lock\" > /dev/null\nif [ $? != 0 ] ; then\n    # print error to STDERR\n    echo \"error: The sandbox is not in sync with the Podfile.lock. Run 'pod install' or update your CocoaPods installation.\" >&2\n    exit 1\nfi\n# This output is used by Xcode 'outputs' to avoid re-running this script phase.\necho \"SUCCESS\" > \"${SCRIPT_OUTPUT_FILE_0}\"\n";
			showEnvVarsInLog = 0;
		};
		BE6011092374A6C000739D22 /* [CP] Copy Pods Resources */ = {
			isa = PBXShellScriptBuildPhase;
			buildActionMask = 2147483647;
			files = (
			);
			inputFileListPaths = (
				"${PODS_ROOT}/Target Support Files/Pods-Lilypad/Pods-Lilypad-resources-${CONFIGURATION}-input-files.xcfilelist",
			);
			name = "[CP] Copy Pods Resources";
			outputFileListPaths = (
				"${PODS_ROOT}/Target Support Files/Pods-Lilypad/Pods-Lilypad-resources-${CONFIGURATION}-output-files.xcfilelist",
			);
			runOnlyForDeploymentPostprocessing = 0;
			shellPath = /bin/sh;
			shellScript = "\"${PODS_ROOT}/Target Support Files/Pods-Lilypad/Pods-Lilypad-resources.sh\"\n";
			showEnvVarsInLog = 0;
		};
		BE6011102374A6C300739D22 /* [CP] Check Pods Manifest.lock */ = {
			isa = PBXShellScriptBuildPhase;
			buildActionMask = 2147483647;
			files = (
			);
			inputFileListPaths = (
			);
			inputPaths = (
				"${PODS_PODFILE_DIR_PATH}/Podfile.lock",
				"${PODS_ROOT}/Manifest.lock",
			);
			name = "[CP] Check Pods Manifest.lock";
			outputFileListPaths = (
			);
			outputPaths = (
				"$(DERIVED_FILE_DIR)/Pods-Lilypad-checkManifestLockResult.txt",
			);
			runOnlyForDeploymentPostprocessing = 0;
			shellPath = /bin/sh;
			shellScript = "diff \"${PODS_PODFILE_DIR_PATH}/Podfile.lock\" \"${PODS_ROOT}/Manifest.lock\" > /dev/null\nif [ $? != 0 ] ; then\n    # print error to STDERR\n    echo \"error: The sandbox is not in sync with the Podfile.lock. Run 'pod install' or update your CocoaPods installation.\" >&2\n    exit 1\nfi\n# This output is used by Xcode 'outputs' to avoid re-running this script phase.\necho \"SUCCESS\" > \"${SCRIPT_OUTPUT_FILE_0}\"\n";
			showEnvVarsInLog = 0;
		};
		BE60111E2374A6C300739D22 /* [CP] Copy Pods Resources */ = {
			isa = PBXShellScriptBuildPhase;
			buildActionMask = 2147483647;
			files = (
			);
			inputFileListPaths = (
				"${PODS_ROOT}/Target Support Files/Pods-Lilypad/Pods-Lilypad-resources-${CONFIGURATION}-input-files.xcfilelist",
			);
			name = "[CP] Copy Pods Resources";
			outputFileListPaths = (
				"${PODS_ROOT}/Target Support Files/Pods-Lilypad/Pods-Lilypad-resources-${CONFIGURATION}-output-files.xcfilelist",
			);
			runOnlyForDeploymentPostprocessing = 0;
			shellPath = /bin/sh;
			shellScript = "\"${PODS_ROOT}/Target Support Files/Pods-Lilypad/Pods-Lilypad-resources.sh\"\n";
			showEnvVarsInLog = 0;
		};
/* End PBXShellScriptBuildPhase section */

/* Begin PBXSourcesBuildPhase section */
		BE10B18323744FCA0034E599 /* Sources */ = {
			isa = PBXSourcesBuildPhase;
			buildActionMask = 2147483647;
			files = (
				BE10B1A023744FED0034E599 /* LPVisitableViewController.swift in Sources */,
				BE10B18B23744FCA0034E599 /* AppDelegate.swift in Sources */,
				BE10B1A123744FED0034E599 /* PushNotificationManager.swift in Sources */,
				BE10B1A3237450140034E599 /* ScriptMessageHandler.swift in Sources */,
			);
			runOnlyForDeploymentPostprocessing = 0;
		};
		BE6010FC2374A6C000739D22 /* Sources */ = {
			isa = PBXSourcesBuildPhase;
			buildActionMask = 2147483647;
			files = (
				BE6010FD2374A6C000739D22 /* LPVisitableViewController.swift in Sources */,
				BE6010FE2374A6C000739D22 /* AppDelegate.swift in Sources */,
				BE6010FF2374A6C000739D22 /* PushNotificationManager.swift in Sources */,
				BE6011002374A6C000739D22 /* ScriptMessageHandler.swift in Sources */,
			);
			runOnlyForDeploymentPostprocessing = 0;
		};
		BE6011112374A6C300739D22 /* Sources */ = {
			isa = PBXSourcesBuildPhase;
			buildActionMask = 2147483647;
			files = (
				BE6011122374A6C300739D22 /* LPVisitableViewController.swift in Sources */,
				BE6011132374A6C300739D22 /* AppDelegate.swift in Sources */,
				BE6011142374A6C300739D22 /* PushNotificationManager.swift in Sources */,
				BE6011152374A6C300739D22 /* ScriptMessageHandler.swift in Sources */,
			);
			runOnlyForDeploymentPostprocessing = 0;
		};
/* End PBXSourcesBuildPhase section */

/* Begin PBXVariantGroup section */
		BE10B19523744FCD0034E599 /* LaunchScreen.storyboard */ = {
			isa = PBXVariantGroup;
			children = (
				BE10B19623744FCD0034E599 /* Base */,
			);
			name = LaunchScreen.storyboard;
			sourceTree = "<group>";
		};
/* End PBXVariantGroup section */

/* Begin XCBuildConfiguration section */
		BE10B19923744FCD0034E599 /* Debug */ = {
			isa = XCBuildConfiguration;
			buildSettings = {
				ALWAYS_SEARCH_USER_PATHS = NO;
				CLANG_ANALYZER_NONNULL = YES;
				CLANG_ANALYZER_NUMBER_OBJECT_CONVERSION = YES_AGGRESSIVE;
				CLANG_CXX_LANGUAGE_STANDARD = "gnu++14";
				CLANG_CXX_LIBRARY = "libc++";
				CLANG_ENABLE_MODULES = YES;
				CLANG_ENABLE_OBJC_ARC = YES;
				CLANG_ENABLE_OBJC_WEAK = YES;
				CLANG_WARN_BLOCK_CAPTURE_AUTORELEASING = YES;
				CLANG_WARN_BOOL_CONVERSION = YES;
				CLANG_WARN_COMMA = YES;
				CLANG_WARN_CONSTANT_CONVERSION = YES;
				CLANG_WARN_DEPRECATED_OBJC_IMPLEMENTATIONS = YES;
				CLANG_WARN_DIRECT_OBJC_ISA_USAGE = YES_ERROR;
				CLANG_WARN_DOCUMENTATION_COMMENTS = YES;
				CLANG_WARN_EMPTY_BODY = YES;
				CLANG_WARN_ENUM_CONVERSION = YES;
				CLANG_WARN_INFINITE_RECURSION = YES;
				CLANG_WARN_INT_CONVERSION = YES;
				CLANG_WARN_NON_LITERAL_NULL_CONVERSION = YES;
				CLANG_WARN_OBJC_IMPLICIT_RETAIN_SELF = YES;
				CLANG_WARN_OBJC_LITERAL_CONVERSION = YES;
				CLANG_WARN_OBJC_ROOT_CLASS = YES_ERROR;
				CLANG_WARN_RANGE_LOOP_ANALYSIS = YES;
				CLANG_WARN_STRICT_PROTOTYPES = YES;
				CLANG_WARN_SUSPICIOUS_MOVE = YES;
				CLANG_WARN_UNGUARDED_AVAILABILITY = YES_AGGRESSIVE;
				CLANG_WARN_UNREACHABLE_CODE = YES;
				CLANG_WARN__DUPLICATE_METHOD_MATCH = YES;
				COPY_PHASE_STRIP = NO;
				DEBUG_INFORMATION_FORMAT = dwarf;
				ENABLE_STRICT_OBJC_MSGSEND = YES;
				ENABLE_TESTABILITY = YES;
				GCC_C_LANGUAGE_STANDARD = gnu11;
				GCC_DYNAMIC_NO_PIC = NO;
				GCC_NO_COMMON_BLOCKS = YES;
				GCC_OPTIMIZATION_LEVEL = 0;
				GCC_PREPROCESSOR_DEFINITIONS = (
					"DEBUG=1",
					"$(inherited)",
				);
				GCC_WARN_64_TO_32_BIT_CONVERSION = YES;
				GCC_WARN_ABOUT_RETURN_TYPE = YES_ERROR;
				GCC_WARN_UNDECLARED_SELECTOR = YES;
				GCC_WARN_UNINITIALIZED_AUTOS = YES_AGGRESSIVE;
				GCC_WARN_UNUSED_FUNCTION = YES;
				GCC_WARN_UNUSED_VARIABLE = YES;
				IPHONEOS_DEPLOYMENT_TARGET = 13.1;
				MTL_ENABLE_DEBUG_INFO = INCLUDE_SOURCE;
				MTL_FAST_MATH = YES;
				ONLY_ACTIVE_ARCH = YES;
				SDKROOT = iphoneos;
				SWIFT_ACTIVE_COMPILATION_CONDITIONS = DEBUG;
				SWIFT_OPTIMIZATION_LEVEL = "-Onone";
			};
			name = Debug;
		};
		BE10B19A23744FCD0034E599 /* Release */ = {
			isa = XCBuildConfiguration;
			buildSettings = {
				ALWAYS_SEARCH_USER_PATHS = NO;
				CLANG_ANALYZER_NONNULL = YES;
				CLANG_ANALYZER_NUMBER_OBJECT_CONVERSION = YES_AGGRESSIVE;
				CLANG_CXX_LANGUAGE_STANDARD = "gnu++14";
				CLANG_CXX_LIBRARY = "libc++";
				CLANG_ENABLE_MODULES = YES;
				CLANG_ENABLE_OBJC_ARC = YES;
				CLANG_ENABLE_OBJC_WEAK = YES;
				CLANG_WARN_BLOCK_CAPTURE_AUTORELEASING = YES;
				CLANG_WARN_BOOL_CONVERSION = YES;
				CLANG_WARN_COMMA = YES;
				CLANG_WARN_CONSTANT_CONVERSION = YES;
				CLANG_WARN_DEPRECATED_OBJC_IMPLEMENTATIONS = YES;
				CLANG_WARN_DIRECT_OBJC_ISA_USAGE = YES_ERROR;
				CLANG_WARN_DOCUMENTATION_COMMENTS = YES;
				CLANG_WARN_EMPTY_BODY = YES;
				CLANG_WARN_ENUM_CONVERSION = YES;
				CLANG_WARN_INFINITE_RECURSION = YES;
				CLANG_WARN_INT_CONVERSION = YES;
				CLANG_WARN_NON_LITERAL_NULL_CONVERSION = YES;
				CLANG_WARN_OBJC_IMPLICIT_RETAIN_SELF = YES;
				CLANG_WARN_OBJC_LITERAL_CONVERSION = YES;
				CLANG_WARN_OBJC_ROOT_CLASS = YES_ERROR;
				CLANG_WARN_RANGE_LOOP_ANALYSIS = YES;
				CLANG_WARN_STRICT_PROTOTYPES = YES;
				CLANG_WARN_SUSPICIOUS_MOVE = YES;
				CLANG_WARN_UNGUARDED_AVAILABILITY = YES_AGGRESSIVE;
				CLANG_WARN_UNREACHABLE_CODE = YES;
				CLANG_WARN__DUPLICATE_METHOD_MATCH = YES;
				COPY_PHASE_STRIP = NO;
				DEBUG_INFORMATION_FORMAT = "dwarf-with-dsym";
				ENABLE_NS_ASSERTIONS = NO;
				ENABLE_STRICT_OBJC_MSGSEND = YES;
				GCC_C_LANGUAGE_STANDARD = gnu11;
				GCC_NO_COMMON_BLOCKS = YES;
				GCC_WARN_64_TO_32_BIT_CONVERSION = YES;
				GCC_WARN_ABOUT_RETURN_TYPE = YES_ERROR;
				GCC_WARN_UNDECLARED_SELECTOR = YES;
				GCC_WARN_UNINITIALIZED_AUTOS = YES_AGGRESSIVE;
				GCC_WARN_UNUSED_FUNCTION = YES;
				GCC_WARN_UNUSED_VARIABLE = YES;
				IPHONEOS_DEPLOYMENT_TARGET = 13.1;
				MTL_ENABLE_DEBUG_INFO = NO;
				MTL_FAST_MATH = YES;
				SDKROOT = iphoneos;
				SWIFT_COMPILATION_MODE = wholemodule;
				SWIFT_OPTIMIZATION_LEVEL = "-O";
				VALIDATE_PRODUCT = YES;
			};
			name = Release;
		};
		BE10B19C23744FCD0034E599 /* Debug */ = {
			isa = XCBuildConfiguration;
			baseConfigurationReference = 420F60E6D398846BA2B384B1 /* Pods-Lilypad.debug.xcconfig */;
			buildSettings = {
				ASSETCATALOG_COMPILER_APPICON_NAME = AppIcon;
				CODE_SIGN_ENTITLEMENTS = "Lilypad-development.entitlements";
				CODE_SIGN_STYLE = Automatic;
				CURRENT_PROJECT_VERSION = 2;
				DEVELOPMENT_ASSET_PATHS = "\"Lilypad/Preview Content\"";
				DEVELOPMENT_TEAM = H2N26DZ69G;
				ENABLE_PREVIEWS = YES;
				INFOPLIST_FILE = Lilypad/Info.plist;
				IPHONEOS_DEPLOYMENT_TARGET = 11.0;
				LD_RUNPATH_SEARCH_PATHS = (
					"$(inherited)",
					"@executable_path/Frameworks",
				);
				OTHER_SWIFT_FLAGS = "$(inherited) -D COCOAPODS -Xcc -fmodule-map-file=\"${PODS_CONFIGURATION_BUILD_DIR}/Turbolinks/Turbolinks.modulemap\" -DENVIRONMENT_DEVELOPMENT";
				PRODUCT_BUNDLE_IDENTIFIER = com.joinlilypad.lilypad;
				PRODUCT_NAME = "$(TARGET_NAME)";
				SWIFT_VERSION = 5.0;
				TARGETED_DEVICE_FAMILY = "1,2";
			};
			name = Debug;
		};
		BE10B19D23744FCD0034E599 /* Release */ = {
			isa = XCBuildConfiguration;
			baseConfigurationReference = E6B5D5A262F21834AB29EBB3 /* Pods-Lilypad.release.xcconfig */;
			buildSettings = {
				ASSETCATALOG_COMPILER_APPICON_NAME = AppIcon;
				CODE_SIGN_ENTITLEMENTS = "Lilypad-development.entitlements";
				CODE_SIGN_STYLE = Automatic;
				CURRENT_PROJECT_VERSION = 2;
				DEVELOPMENT_ASSET_PATHS = "\"Lilypad/Preview Content\"";
				DEVELOPMENT_TEAM = H2N26DZ69G;
				ENABLE_PREVIEWS = YES;
				INFOPLIST_FILE = Lilypad/Info.plist;
				IPHONEOS_DEPLOYMENT_TARGET = 11.0;
				LD_RUNPATH_SEARCH_PATHS = (
					"$(inherited)",
					"@executable_path/Frameworks",
				);
				OTHER_SWIFT_FLAGS = "$(inherited) -D COCOAPODS -Xcc -fmodule-map-file=\"${PODS_CONFIGURATION_BUILD_DIR}/Turbolinks/Turbolinks.modulemap\" -DENVIRONMENT_DEVELOPMENT";
				PRODUCT_BUNDLE_IDENTIFIER = com.joinlilypad.lilypad;
				PRODUCT_NAME = "$(TARGET_NAME)";
				SWIFT_VERSION = 5.0;
				TARGETED_DEVICE_FAMILY = "1,2";
			};
			name = Release;
		};
		BE60110B2374A6C000739D22 /* Debug */ = {
			isa = XCBuildConfiguration;
			baseConfigurationReference = 420F60E6D398846BA2B384B1 /* Pods-Lilypad.debug.xcconfig */;
			buildSettings = {
				ASSETCATALOG_COMPILER_APPICON_NAME = AppIcon;
				CODE_SIGN_ENTITLEMENTS = "Lilypad-staging.entitlements";
				CODE_SIGN_STYLE = Automatic;
				CURRENT_PROJECT_VERSION = 10;
				DEVELOPMENT_ASSET_PATHS = "\"Lilypad/Preview Content\"";
				DEVELOPMENT_TEAM = H2N26DZ69G;
				ENABLE_PREVIEWS = YES;
				INFOPLIST_FILE = "Lilypad-development copy-Info.plist";
				IPHONEOS_DEPLOYMENT_TARGET = 11.0;
				LD_RUNPATH_SEARCH_PATHS = (
					"$(inherited)",
					"@executable_path/Frameworks",
				);
				OTHER_SWIFT_FLAGS = "$(inherited) -D COCOAPODS -Xcc -fmodule-map-file=\"${PODS_CONFIGURATION_BUILD_DIR}/Turbolinks/Turbolinks.modulemap\" -DENVIRONMENT_STAGING";
				PRODUCT_BUNDLE_IDENTIFIER = com.joinlilypad.lilypad;
				PRODUCT_NAME = "$(TARGET_NAME)";
				SWIFT_VERSION = 5.0;
				TARGETED_DEVICE_FAMILY = "1,2";
			};
			name = Debug;
		};
		BE60110C2374A6C000739D22 /* Release */ = {
			isa = XCBuildConfiguration;
			baseConfigurationReference = E6B5D5A262F21834AB29EBB3 /* Pods-Lilypad.release.xcconfig */;
			buildSettings = {
				ASSETCATALOG_COMPILER_APPICON_NAME = AppIcon;
				CODE_SIGN_ENTITLEMENTS = "Lilypad-staging.entitlements";
				CODE_SIGN_STYLE = Automatic;
				CURRENT_PROJECT_VERSION = 10;
				DEVELOPMENT_ASSET_PATHS = "\"Lilypad/Preview Content\"";
				DEVELOPMENT_TEAM = H2N26DZ69G;
				ENABLE_PREVIEWS = YES;
				INFOPLIST_FILE = "Lilypad-development copy-Info.plist";
				IPHONEOS_DEPLOYMENT_TARGET = 11.0;
				LD_RUNPATH_SEARCH_PATHS = (
					"$(inherited)",
					"@executable_path/Frameworks",
				);
				OTHER_SWIFT_FLAGS = "$(inherited) -D COCOAPODS -Xcc -fmodule-map-file=\"${PODS_CONFIGURATION_BUILD_DIR}/Turbolinks/Turbolinks.modulemap\" -DENVIRONMENT_STAGING";
				PRODUCT_BUNDLE_IDENTIFIER = com.joinlilypad.lilypad;
				PRODUCT_NAME = "$(TARGET_NAME)";
				SWIFT_VERSION = 5.0;
				TARGETED_DEVICE_FAMILY = "1,2";
			};
			name = Release;
		};
		BE6011202374A6C300739D22 /* Debug */ = {
			isa = XCBuildConfiguration;
			baseConfigurationReference = 420F60E6D398846BA2B384B1 /* Pods-Lilypad.debug.xcconfig */;
			buildSettings = {
				ASSETCATALOG_COMPILER_APPICON_NAME = AppIcon;
				CODE_SIGN_ENTITLEMENTS = Lilypad/Lilypad.entitlements;
				CODE_SIGN_STYLE = Automatic;
				CURRENT_PROJECT_VERSION = 13;
				DEVELOPMENT_ASSET_PATHS = "\"Lilypad/Preview Content\"";
				DEVELOPMENT_TEAM = H2N26DZ69G;
				ENABLE_PREVIEWS = YES;
				INFOPLIST_FILE = "Lilypad-development copy copy-Info.plist";
				IPHONEOS_DEPLOYMENT_TARGET = 11.0;
				LD_RUNPATH_SEARCH_PATHS = (
					"$(inherited)",
					"@executable_path/Frameworks",
				);
				OTHER_SWIFT_FLAGS = "$(inherited) -D COCOAPODS -Xcc -fmodule-map-file=\"${PODS_CONFIGURATION_BUILD_DIR}/Turbolinks/Turbolinks.modulemap\" -DENVIRONMENT_PRODUCTION";
				PRODUCT_BUNDLE_IDENTIFIER = com.joinlilypad.lilypad;
				PRODUCT_NAME = "$(TARGET_NAME)";
				SWIFT_VERSION = 5.0;
				TARGETED_DEVICE_FAMILY = "1,2";
			};
			name = Debug;
		};
		BE6011212374A6C300739D22 /* Release */ = {
			isa = XCBuildConfiguration;
			baseConfigurationReference = E6B5D5A262F21834AB29EBB3 /* Pods-Lilypad.release.xcconfig */;
			buildSettings = {
				ASSETCATALOG_COMPILER_APPICON_NAME = AppIcon;
				CODE_SIGN_ENTITLEMENTS = Lilypad/Lilypad.entitlements;
				CODE_SIGN_STYLE = Automatic;
				CURRENT_PROJECT_VERSION = 13;
				DEVELOPMENT_ASSET_PATHS = "\"Lilypad/Preview Content\"";
				DEVELOPMENT_TEAM = H2N26DZ69G;
				ENABLE_PREVIEWS = YES;
				INFOPLIST_FILE = "Lilypad-development copy copy-Info.plist";
				IPHONEOS_DEPLOYMENT_TARGET = 11.0;
				LD_RUNPATH_SEARCH_PATHS = (
					"$(inherited)",
					"@executable_path/Frameworks",
				);
				OTHER_SWIFT_FLAGS = "$(inherited) -D COCOAPODS -Xcc -fmodule-map-file=\"${PODS_CONFIGURATION_BUILD_DIR}/Turbolinks/Turbolinks.modulemap\" -DENVIRONMENT_PRODUCTION";
				PRODUCT_BUNDLE_IDENTIFIER = com.joinlilypad.lilypad;
				PRODUCT_NAME = "$(TARGET_NAME)";
				SWIFT_VERSION = 5.0;
				TARGETED_DEVICE_FAMILY = "1,2";
			};
			name = Release;
		};
/* End XCBuildConfiguration section */

/* Begin XCConfigurationList section */
		BE10B18223744FCA0034E599 /* Build configuration list for PBXProject "Lilypad" */ = {
			isa = XCConfigurationList;
			buildConfigurations = (
				BE10B19923744FCD0034E599 /* Debug */,
				BE10B19A23744FCD0034E599 /* Release */,
			);
			defaultConfigurationIsVisible = 0;
			defaultConfigurationName = Release;
		};
		BE10B19B23744FCD0034E599 /* Build configuration list for PBXNativeTarget "Lilypad-development" */ = {
			isa = XCConfigurationList;
			buildConfigurations = (
				BE10B19C23744FCD0034E599 /* Debug */,
				BE10B19D23744FCD0034E599 /* Release */,
			);
			defaultConfigurationIsVisible = 0;
			defaultConfigurationName = Release;
		};
		BE60110A2374A6C000739D22 /* Build configuration list for PBXNativeTarget "Lilypad-staging" */ = {
			isa = XCConfigurationList;
			buildConfigurations = (
				BE60110B2374A6C000739D22 /* Debug */,
				BE60110C2374A6C000739D22 /* Release */,
			);
			defaultConfigurationIsVisible = 0;
			defaultConfigurationName = Release;
		};
		BE60111F2374A6C300739D22 /* Build configuration list for PBXNativeTarget "Lilypad" */ = {
			isa = XCConfigurationList;
			buildConfigurations = (
				BE6011202374A6C300739D22 /* Debug */,
				BE6011212374A6C300739D22 /* Release */,
			);
			defaultConfigurationIsVisible = 0;
			defaultConfigurationName = Release;
		};
/* End XCConfigurationList section */
	};
	rootObject = BE10B17F23744FCA0034E599 /* Project object */;
}
